github.com/davidsneighbour/hugo-debug v1.5.5 h1:uL8nKPr1yWVSWfutpORluAiyQmZ0Vr17NOTyl7933W8=
github.com/davidsneighbour/hugo-debug v1.5.5/go.mod h1:ka0eftoPGqF1B0TUvAIvWOau96Y5XQKKGZ9DCb5NBz4=
github.com/davidsneighbour/hugo-functions v1.1.0 h1:4s7QrivPC8mU6dezxvZ5SLI16HKJm4/C6MljBq6Ruqs=
github.com/davidsneighbour/hugo-functions v1.1.0/go.mod h1:vcxVzEHYhArEYMR0w+r6h6xwoV6Tkovl/d9fK2n3dQE=
github.com/davidsneighbour/hugo-head v1.1.7 h1:4TNjMbaD/izRTmKnq3rPcmUAT7MV/H4GLc2MIzsoGkU=
github.com/davidsneighbour/hugo-head v1.1.7/go.mod h1:aNZ+WReNWHGQCk0ZGN+qfb+6niT8Y+rr1dZZZNG9E7I=
