github.com/dnb-org/dnb-hugo-debug v1.4.3 h1:LbSxXq624VWkFEtoMJBaLuH7cXvZIXRYzzP6xiS4o2o=
github.com/dnb-org/dnb-hugo-debug v1.4.3/go.mod h1:NWi/VpUDXC2GU5TLM7UEjL7HPT2WmgHgoURHTCVzTho=
github.com/dnb-org/dnb-hugo-functions v1.0.7 h1:odQcI3oTzW7c1DSa0Gz4WFjSu8rQVYoUsQA0WsmuHjE=
github.com/dnb-org/dnb-hugo-functions v1.0.7/go.mod h1:bTX/w1EzpOQYB+XOcInG/k/zPK8/pj7P2OuQNTXnp5g=
github.com/dnb-org/dnb-hugo-head v1.0.1 h1:ZkpptrbieJmgNLrrwuQE15Uc5zhklyXewVhEWflqfrc=
github.com/dnb-org/dnb-hugo-head v1.0.1/go.mod h1:T+ufvYir5UbWKbg66olnTFohyD7nYdA4PsTYpP2AaIs=
github.com/dnb-org/dnb-hugo-head v1.0.2 h1:tQv+7LOkbRi8XG+DCa1t9anb5ATf/MgcAhCKl0q294Q=
github.com/dnb-org/dnb-hugo-head v1.0.2/go.mod h1:NAUO52tYCeDnoyfOHsjSZ5AmCZ9Wywou344FdlYCOA4=
