github.com/davidsneighbour/hugo-debug v1.5.5 h1:uL8nKPr1yWVSWfutpORluAiyQmZ0Vr17NOTyl7933W8=
github.com/davidsneighbour/hugo-debug v1.5.5/go.mod h1:ka0eftoPGqF1B0TUvAIvWOau96Y5XQKKGZ9DCb5NBz4=
github.com/davidsneighbour/hugo-functions v1.1.0 h1:4s7QrivPC8mU6dezxvZ5SLI16HKJm4/C6MljBq6Ruqs=
github.com/davidsneighbour/hugo-functions v1.1.0/go.mod h1:vcxVzEHYhArEYMR0w+r6h6xwoV6Tkovl/d9fK2n3dQE=
github.com/davidsneighbour/hugo-head v1.1.13 h1:FwSNX8jaobx1EW6CQlUEoWNeHvN6NZOnvNX2R5kIQS8=
github.com/davidsneighbour/hugo-head v1.1.13/go.mod h1:1IFHPoWEu0VneqUKQc+aKSWkTu58sht83tYgMSHRIZA=
